// !$*UTF8*$!
{
	archiveVersion = 1;
	classes = {
	};
	objectVersion = 46;
	objects = {

/* Begin PBXBuildFile section */
		37624BE51AB1DB6900FED617 /* AppDelegate.swift in Sources */ = {isa = PBXBuildFile; fileRef = 37624BE41AB1DB6900FED617 /* AppDelegate.swift */; };
		37624BE71AB1DB6900FED617 /* ViewController.swift in Sources */ = {isa = PBXBuildFile; fileRef = 37624BE61AB1DB6900FED617 /* ViewController.swift */; };
		37624BEA1AB1DB6900FED617 /* Main.storyboard in Resources */ = {isa = PBXBuildFile; fileRef = 37624BE81AB1DB6900FED617 /* Main.storyboard */; };
		37624BEC1AB1DB6900FED617 /* Images.xcassets in Resources */ = {isa = PBXBuildFile; fileRef = 37624BEB1AB1DB6900FED617 /* Images.xcassets */; };
		37624BEF1AB1DB6900FED617 /* LaunchScreen.xib in Resources */ = {isa = PBXBuildFile; fileRef = 37624BED1AB1DB6900FED617 /* LaunchScreen.xib */; };
		37624BFB1AB1DB6900FED617 /* SwiftTechandDragonTests.swift in Sources */ = {isa = PBXBuildFile; fileRef = 37624BFA1AB1DB6900FED617 /* SwiftTechandDragonTests.swift */; };
/* End PBXBuildFile section */

/* Begin PBXContainerItemProxy section */
		37624BF51AB1DB6900FED617 /* PBXContainerItemProxy */ = {
			isa = PBXContainerItemProxy;
			containerPortal = 37624BD71AB1DB6900FED617 /* Project object */;
			proxyType = 1;
			remoteGlobalIDString = 37624BDE1AB1DB6900FED617;
			remoteInfo = SwiftTechandDragon;
		};
/* End PBXContainerItemProxy section */

/* Begin PBXFileReference section */
		37624BDF1AB1DB6900FED617 /* SwiftTechandDragon.app */ = {isa = PBXFileReference; explicitFileType = wrapper.application; includeInIndex = 0; path = SwiftTechandDragon.app; sourceTree = BUILT_PRODUCTS_DIR; };
		37624BE31AB1DB6900FED617 /* Info.plist */ = {isa = PBXFileReference; lastKnownFileType = text.plist.xml; path = Info.plist; sourceTree = "<group>"; };
		37624BE41AB1DB6900FED617 /* AppDelegate.swift */ = {isa = PBXFileReference; lastKnownFileType = sourcecode.swift; path = AppDelegate.swift; sourceTree = "<group>"; };
		37624BE61AB1DB6900FED617 /* ViewController.swift */ = {isa = PBXFileReference; lastKnownFileType = sourcecode.swift; path = ViewController.swift; sourceTree = "<group>"; };
		37624BE91AB1DB6900FED617 /* Base */ = {isa = PBXFileReference; lastKnownFileType = file.storyboard; name = Base; path = Base.lproj/Main.storyboard; sourceTree = "<group>"; };
		37624BEB1AB1DB6900FED617 /* Images.xcassets */ = {isa = PBXFileReference; lastKnownFileType = folder.assetcatalog; path = Images.xcassets; sourceTree = "<group>"; };
		37624BEE1AB1DB6900FED617 /* Base */ = {isa = PBXFileReference; lastKnownFileType = file.xib; name = Base; path = Base.lproj/LaunchScreen.xib; sourceTree = "<group>"; };
		37624BF41AB1DB6900FED617 /* SwiftTechandDragonTests.xctest */ = {isa = PBXFileReference; explicitFileType = wrapper.cfbundle; includeInIndex = 0; path = SwiftTechandDragonTests.xctest; sourceTree = BUILT_PRODUCTS_DIR; };
		37624BF91AB1DB6900FED617 /* Info.plist */ = {isa = PBXFileReference; lastKnownFileType = text.plist.xml; path = Info.plist; sourceTree = "<group>"; };
		37624BFA1AB1DB6900FED617 /* SwiftTechandDragonTests.swift */ = {isa = PBXFileReference; lastKnownFileType = sourcecode.swift; path = SwiftTechandDragonTests.swift; sourceTree = "<group>"; };
/* End PBXFileReference section */

/* Begin PBXFrameworksBuildPhase section */
		37624BDC1AB1DB6900FED617 /* Frameworks */ = {
			isa = PBXFrameworksBuildPhase;
			buildActionMask = 2147483647;
			files = (
			);
			runOnlyForDeploymentPostprocessing = 0;
		};
		37624BF11AB1DB6900FED617 /* Frameworks */ = {
			isa = PBXFrameworksBuildPhase;
			buildActionMask = 2147483647;
			files = (
			);
			runOnlyForDeploymentPostprocessing = 0;
		};
/* End PBXFrameworksBuildPhase section */

/* Begin PBXGroup section */
		37624BD61AB1DB6900FED617 = {
			isa = PBXGroup;
			children = (
				37624BE11AB1DB6900FED617 /* SwiftTechandDragon */,
				37624BF71AB1DB6900FED617 /* SwiftTechandDragonTests */,
				37624BE01AB1DB6900FED617 /* Products */,
			);
			sourceTree = "<group>";
		};
		37624BE01AB1DB6900FED617 /* Products */ = {
			isa = PBXGroup;
			children = (
				37624BDF1AB1DB6900FED617 /* SwiftTechandDragon.app */,
				37624BF41AB1DB6900FED617 /* SwiftTechandDragonTests.xctest */,
			);
			name = Products;
			sourceTree = "<group>";
		};
		37624BE11AB1DB6900FED617 /* SwiftTechandDragon */ = {
			isa = PBXGroup;
			children = (
				37624BE41AB1DB6900FED617 /* AppDelegate.swift */,
				37624BE61AB1DB6900FED617 /* ViewController.swift */,
				37624BE81AB1DB6900FED617 /* Main.storyboard */,
				37624BEB1AB1DB6900FED617 /* Images.xcassets */,
				37624BED1AB1DB6900FED617 /* LaunchScreen.xib */,
				37624BE21AB1DB6900FED617 /* Supporting Files */,
			);
			path = SwiftTechandDragon;
			sourceTree = "<group>";
		};
		37624BE21AB1DB6900FED617 /* Supporting Files */ = {
			isa = PBXGroup;
			children = (
				37624BE31AB1DB6900FED617 /* Info.plist */,
			);
			name = "Supporting Files";
			sourceTree = "<group>";
		};
		37624BF71AB1DB6900FED617 /* SwiftTechandDragonTests */ = {
			isa = PBXGroup;
			children = (
				37624BFA1AB1DB6900FED617 /* SwiftTechandDragonTests.swift */,
				37624BF81AB1DB6900FED617 /* Supporting Files */,
			);
			path = SwiftTechandDragonTests;
			sourceTree = "<group>";
		};
		37624BF81AB1DB6900FED617 /* Supporting Files */ = {
			isa = PBXGroup;
			children = (
				37624BF91AB1DB6900FED617 /* Info.plist */,
			);
			name = "Supporting Files";
			sourceTree = "<group>";
		};
/* End PBXGroup section */

/* Begin PBXNativeTarget section */
		37624BDE1AB1DB6900FED617 /* SwiftTechandDragon */ = {
			isa = PBXNativeTarget;
			buildConfigurationList = 37624BFE1AB1DB6900FED617 /* Build configuration list for PBXNativeTarget "SwiftTechandDragon" */;
			buildPhases = (
				37624BDB1AB1DB6900FED617 /* Sources */,
				37624BDC1AB1DB6900FED617 /* Frameworks */,
				37624BDD1AB1DB6900FED617 /* Resources */,
			);
			buildRules = (
			);
			dependencies = (
			);
			name = SwiftTechandDragon;
			productName = SwiftTechandDragon;
			productReference = 37624BDF1AB1DB6900FED617 /* SwiftTechandDragon.app */;
			productType = "com.apple.product-type.application";
		};
		37624BF31AB1DB6900FED617 /* SwiftTechandDragonTests */ = {
			isa = PBXNativeTarget;
			buildConfigurationList = 37624C011AB1DB6900FED617 /* Build configuration list for PBXNativeTarget "SwiftTechandDragonTests" */;
			buildPhases = (
				37624BF01AB1DB6900FED617 /* Sources */,
				37624BF11AB1DB6900FED617 /* Frameworks */,
				37624BF21AB1DB6900FED617 /* Resources */,
			);
			buildRules = (
			);
			dependencies = (
				37624BF61AB1DB6900FED617 /* PBXTargetDependency */,
			);
			name = SwiftTechandDragonTests;
			productName = SwiftTechandDragonTests;
			productReference = 37624BF41AB1DB6900FED617 /* SwiftTechandDragonTests.xctest */;
			productType = "com.apple.product-type.bundle.unit-test";
		};
/* End PBXNativeTarget section */

/* Begin PBXProject section */
		37624BD71AB1DB6900FED617 /* Project object */ = {
			isa = PBXProject;
			attributes = {
				LastUpgradeCheck = 0610;
				ORGANIZATIONNAME = anneka;
				TargetAttributes = {
					37624BDE1AB1DB6900FED617 = {
						CreatedOnToolsVersion = 6.1.1;
					};
					37624BF31AB1DB6900FED617 = {
						CreatedOnToolsVersion = 6.1.1;
						TestTargetID = 37624BDE1AB1DB6900FED617;
					};
				};
			};
			buildConfigurationList = 37624BDA1AB1DB6900FED617 /* Build configuration list for PBXProject "SwiftTechandDragon" */;
			compatibilityVersion = "Xcode 3.2";
			developmentRegion = English;
			hasScannedForEncodings = 0;
			knownRegions = (
				en,
				Base,
			);
			mainGroup = 37624BD61AB1DB6900FED617;
			productRefGroup = 37624BE01AB1DB6900FED617 /* Products */;
			projectDirPath = "";
			projectRoot = "";
			targets = (
				37624BDE1AB1DB6900FED617 /* SwiftTechandDragon */,
				37624BF31AB1DB6900FED617 /* SwiftTechandDragonTests */,
			);
		};
/* End PBXProject section */

/* Begin PBXResourcesBuildPhase section */
		37624BDD1AB1DB6900FED617 /* Resources */ = {
			isa = PBXResourcesBuildPhase;
			buildActionMask = 2147483647;
			files = (
				37624BEA1AB1DB6900FED617 /* Main.storyboard in Resources */,
				37624BEF1AB1DB6900FED617 /* LaunchScreen.xib in Resources */,
				37624BEC1AB1DB6900FED617 /* Images.xcassets in Resources */,
			);
			runOnlyForDeploymentPostprocessing = 0;
		};
		37624BF21AB1DB6900FED617 /* Resources */ = {
			isa = PBXResourcesBuildPhase;
			buildActionMask = 2147483647;
			files = (
			);
			runOnlyForDeploymentPostprocessing = 0;
		};
/* End PBXResourcesBuildPhase section */

/* Begin PBXSourcesBuildPhase section */
		37624BDB1AB1DB6900FED617 /* Sources */ = {
			isa = PBXSourcesBuildPhase;
			buildActionMask = 2147483647;
			files = (
				37624BE71AB1DB6900FED617 /* ViewController.swift in Sources */,
				37624BE51AB1DB6900FED617 /* AppDelegate.swift in Sources */,
			);
			runOnlyForDeploymentPostprocessing = 0;
		};
		37624BF01AB1DB6900FED617 /* Sources */ = {
			isa = PBXSourcesBuildPhase;
			buildActionMask = 2147483647;
			files = (
				37624BFB1AB1DB6900FED617 /* SwiftTechandDragonTests.swift in Sources */,
			);
			runOnlyForDeploymentPostprocessing = 0;
		};
/* End PBXSourcesBuildPhase section */

/* Begin PBXTargetDependency section */
		37624BF61AB1DB6900FED617 /* PBXTargetDependency */ = {
			isa = PBXTargetDependency;
			target = 37624BDE1AB1DB6900FED617 /* SwiftTechandDragon */;
			targetProxy = 37624BF51AB1DB6900FED617 /* PBXContainerItemProxy */;
		};
/* End PBXTargetDependency section */

/* Begin PBXVariantGroup section */
		37624BE81AB1DB6900FED617 /* Main.storyboard */ = {
			isa = PBXVariantGroup;
			children = (
				37624BE91AB1DB6900FED617 /* Base */,
			);
			name = Main.storyboard;
			sourceTree = "<group>";
		};
		37624BED1AB1DB6900FED617 /* LaunchScreen.xib */ = {
			isa = PBXVariantGroup;
			children = (
				37624BEE1AB1DB6900FED617 /* Base */,
			);
			name = LaunchScreen.xib;
			sourceTree = "<group>";
		};
/* End PBXVariantGroup section */

/* Begin XCBuildConfiguration section */
		37624BFC1AB1DB6900FED617 /* Debug */ = {
			isa = XCBuildConfiguration;
			buildSettings = {
				ALWAYS_SEARCH_USER_PATHS = NO;
				CLANG_CXX_LANGUAGE_STANDARD = "gnu++0x";
				CLANG_CXX_LIBRARY = "libc++";
				CLANG_ENABLE_MODULES = YES;
				CLANG_ENABLE_OBJC_ARC = YES;
				CLANG_WARN_BOOL_CONVERSION = YES;
				CLANG_WARN_CONSTANT_CONVERSION = YES;
				CLANG_WARN_DIRECT_OBJC_ISA_USAGE = YES_ERROR;
				CLANG_WARN_EMPTY_BODY = YES;
				CLANG_WARN_ENUM_CONVERSION = YES;
				CLANG_WARN_INT_CONVERSION = YES;
				CLANG_WARN_OBJC_ROOT_CLASS = YES_ERROR;
				CLANG_WARN_UNREACHABLE_CODE = YES;
				CLANG_WARN__DUPLICATE_METHOD_MATCH = YES;
				"CODE_SIGN_IDENTITY[sdk=iphoneos*]" = "iPhone Developer";
				COPY_PHASE_STRIP = NO;
				ENABLE_STRICT_OBJC_MSGSEND = YES;
				GCC_C_LANGUAGE_STANDARD = gnu99;
				GCC_DYNAMIC_NO_PIC = NO;
				GCC_OPTIMIZATION_LEVEL = 0;
				GCC_PREPROCESSOR_DEFINITIONS = (
					"DEBUG=1",
					"$(inherited)",
				);
				GCC_SYMBOLS_PRIVATE_EXTERN = NO;
				GCC_WARN_64_TO_32_BIT_CONVERSION = YES;
				GCC_WARN_ABOUT_RETURN_TYPE = YES_ERROR;
				GCC_WARN_UNDECLARED_SELECTOR = YES;
				GCC_WARN_UNINITIALIZED_AUTOS = YES_AGGRESSIVE;
				GCC_WARN_UNUSED_FUNCTION = YES;
				GCC_WARN_UNUSED_VARIABLE = YES;
				IPHONEOS_DEPLOYMENT_TARGET = 8.1;
				MTL_ENABLE_DEBUG_INFO = YES;
				ONLY_ACTIVE_ARCH = YES;
				SDKROOT = iphoneos;
				SWIFT_OPTIMIZATION_LEVEL = "-Onone";
			};
			name = Debug;
		};
		37624BFD1AB1DB6900FED617 /* Release */ = {
			isa = XCBuildConfiguration;
			buildSettings = {
				ALWAYS_SEARCH_USER_PATHS = NO;
				CLANG_CXX_LANGUAGE_STANDARD = "gnu++0x";
				CLANG_CXX_LIBRARY = "libc++";
				CLANG_ENABLE_MODULES = YES;
				CLANG_ENABLE_OBJC_ARC = YES;
				CLANG_WARN_BOOL_CONVERSION = YES;
				CLANG_WARN_CONSTANT_CONVERSION = YES;
				CLANG_WARN_DIRECT_OBJC_ISA_USAGE = YES_ERROR;
				CLANG_WARN_EMPTY_BODY = YES;
				CLANG_WARN_ENUM_CONVERSION = YES;
				CLANG_WARN_INT_CONVERSION = YES;
				CLANG_WARN_OBJC_ROOT_CLASS = YES_ERROR;
				CLANG_WARN_UNREACHABLE_CODE = YES;
				CLANG_WARN__DUPLICATE_METHOD_MATCH = YES;
				"CODE_SIGN_IDENTITY[sdk=iphoneos*]" = "iPhone Developer";
				COPY_PHASE_STRIP = YES;
				ENABLE_NS_ASSERTIONS = NO;
				ENABLE_STRICT_OBJC_MSGSEND = YES;
				GCC_C_LANGUAGE_STANDARD = gnu99;
				GCC_WARN_64_TO_32_BIT_CONVERSION = YES;
				GCC_WARN_ABOUT_RETURN_TYPE = YES_ERROR;
				GCC_WARN_UNDECLARED_SELECTOR = YES;
				GCC_WARN_UNINITIALIZED_AUTOS = YES_AGGRESSIVE;
				GCC_WARN_UNUSED_FUNCTION = YES;
				GCC_WARN_UNUSED_VARIABLE = YES;
				IPHONEOS_DEPLOYMENT_TARGET = 8.1;
				MTL_ENABLE_DEBUG_INFO = NO;
				SDKROOT = iphoneos;
				VALIDATE_PRODUCT = YES;
			};
			name = Release;
		};
		37624BFF1AB1DB6900FED617 /* Debug */ = {
			isa = XCBuildConfiguration;
			buildSettings = {
				ASSETCATALOG_COMPILER_APPICON_NAME = AppIcon;
				INFOPLIST_FILE = SwiftTechandDragon/Info.plist;
				LD_RUNPATH_SEARCH_PATHS = "$(inherited) @executable_path/Frameworks";
				PRODUCT_NAME = "$(TARGET_NAME)";
			};
			name = Debug;
		};
		37624C001AB1DB6900FED617 /* Release */ = {
			isa = XCBuildConfiguration;
			buildSettings = {
				ASSETCATALOG_COMPILER_APPICON_NAME = AppIcon;
				INFOPLIST_FILE = SwiftTechandDragon/Info.plist;
				LD_RUNPATH_SEARCH_PATHS = "$(inherited) @executable_path/Frameworks";
				PRODUCT_NAME = "$(TARGET_NAME)";
			};
			name = Release;
		};
		37624C021AB1DB6900FED617 /* Debug */ = {
			isa = XCBuildConfiguration;
			buildSettings = {
				BUNDLE_LOADER = "$(TEST_HOST)";
				FRAMEWORK_SEARCH_PATHS = (
					"$(SDKROOT)/Developer/Library/Frameworks",
					"$(inherited)",
				);
				GCC_PREPROCESSOR_DEFINITIONS = (
					"DEBUG=1",
					"$(inherited)",
				);
				INFOPLIST_FILE = SwiftTechandDragonTests/Info.plist;
				LD_RUNPATH_SEARCH_PATHS = "$(inherited) @executable_path/Frameworks @loader_path/Frameworks";
				PRODUCT_NAME = "$(TARGET_NAME)";
				TEST_HOST = "$(BUILT_PRODUCTS_DIR)/SwiftTechandDragon.app/SwiftTechandDragon";
			};
			name = Debug;
		};
		37624C031AB1DB6900FED617 /* Release */ = {
			isa = XCBuildConfiguration;
			buildSettings = {
				BUNDLE_LOADER = "$(TEST_HOST)";
				FRAMEWORK_SEARCH_PATHS = (
					"$(SDKROOT)/Developer/Library/Frameworks",
					"$(inherited)",
				);
				INFOPLIST_FILE = SwiftTechandDragonTests/Info.plist;
				LD_RUNPATH_SEARCH_PATHS = "$(inherited) @executable_path/Frameworks @loader_path/Frameworks";
				PRODUCT_NAME = "$(TARGET_NAME)";
				TEST_HOST = "$(BUILT_PRODUCTS_DIR)/SwiftTechandDragon.app/SwiftTechandDragon";
			};
			name = Release;
		};
/* End XCBuildConfiguration section */

/* Begin XCConfigurationList section */
		37624BDA1AB1DB6900FED617 /* Build configuration list for PBXProject "SwiftTechandDragon" */ = {
			isa = XCConfigurationList;
			buildConfigurations = (
				37624BFC1AB1DB6900FED617 /* Debug */,
				37624BFD1AB1DB6900FED617 /* Release */,
			);
			defaultConfigurationIsVisible = 0;
			defaultConfigurationName = Release;
		};
		37624BFE1AB1DB6900FED617 /* Build configuration list for PBXNativeTarget "SwiftTechandDragon" */ = {
			isa = XCConfigurationList;
			buildConfigurations = (
				37624BFF1AB1DB6900FED617 /* Debug */,
				37624C001AB1DB6900FED617 /* Release */,
			);
			defaultConfigurationIsVisible = 0;
		};
		37624C011AB1DB6900FED617 /* Build configuration list for PBXNativeTarget "SwiftTechandDragonTests" */ = {
			isa = XCConfigurationList;
			buildConfigurations = (
				37624C021AB1DB6900FED617 /* Debug */,
				37624C031AB1DB6900FED617 /* Release */,
			);
			defaultConfigurationIsVisible = 0;
		};
/* End XCConfigurationList section */
	};
	rootObject = 37624BD71AB1DB6900FED617 /* Project object */;
}
